
Microsoft Visual Studio Solution File, Format Version 12.00
# Visual Studio Version 16
VisualStudioVersion = 16.0.31313.79
MinimumVisualStudioVersion = 10.0.40219.1
Project("{8BC9CEB8-8B4A-11D0-8D11-00A0C91BC942}") = "11399.cpp", "11399.cpp\11399.cpp.vcxproj", "{DADB4927-81E3-4359-8273-429ADFAE3AE4}"
EndProject
Global
	GlobalSection(SolutionConfigurationPlatforms) = preSolution
		Debug|x64 = Debug|x64
		Debug|x86 = Debug|x86
		Release|x64 = Release|x64
		Release|x86 = Release|x86
	EndGlobalSection
	GlobalSection(ProjectConfigurationPlatforms) = postSolution
		{DADB4927-81E3-4359-8273-429ADFAE3AE4}.Debug|x64.ActiveCfg = Debug|x64
		{DADB4927-81E3-4359-8273-429ADFAE3AE4}.Debug|x64.Build.0 = Debug|x64
		{DADB4927-81E3-4359-8273-429ADFAE3AE4}.Debug|x86.ActiveCfg = Debug|Win32
		{DADB4927-81E3-4359-8273-429ADFAE3AE4}.Debug|x86.Build.0 = Debug|Win32
		{DADB4927-81E3-4359-8273-429ADFAE3AE4}.Release|x64.ActiveCfg = Release|x64
		{DADB4927-81E3-4359-8273-429ADFAE3AE4}.Release|x64.Build.0 = Release|x64
		{DADB4927-81E3-4359-8273-429ADFAE3AE4}.Release|x86.ActiveCfg = Release|Win32
		{DADB4927-81E3-4359-8273-429ADFAE3AE4}.Release|x86.Build.0 = Release|Win32
	EndGlobalSection
	GlobalSection(SolutionProperties) = preSolution
		HideSolutionNode = FALSE
	EndGlobalSection
	GlobalSection(ExtensibilityGlobals) = postSolution
		SolutionGuid = {72525640-69B5-4BE4-8774-AC04FED03B62}
	EndGlobalSection
EndGlobal
