
Microsoft Visual Studio Solution File, Format Version 12.00
# Visual Studio Version 16
VisualStudioVersion = 16.0.32413.511
MinimumVisualStudioVersion = 10.0.40219.1
Project("{8BC9CEB8-8B4A-11D0-8D11-00A0C91BC942}") = "Project2", "Project2\Project2.vcxproj", "{ECCE0CE5-0A6C-4A67-A66A-7E512CC07580}"
EndProject
Global
	GlobalSection(SolutionConfigurationPlatforms) = preSolution
		Debug|x64 = Debug|x64
		Debug|x86 = Debug|x86
		Release|x64 = Release|x64
		Release|x86 = Release|x86
	EndGlobalSection
	GlobalSection(ProjectConfigurationPlatforms) = postSolution
		{ECCE0CE5-0A6C-4A67-A66A-7E512CC07580}.Debug|x64.ActiveCfg = Debug|x64
		{ECCE0CE5-0A6C-4A67-A66A-7E512CC07580}.Debug|x64.Build.0 = Debug|x64
		{ECCE0CE5-0A6C-4A67-A66A-7E512CC07580}.Debug|x86.ActiveCfg = Debug|Win32
		{ECCE0CE5-0A6C-4A67-A66A-7E512CC07580}.Debug|x86.Build.0 = Debug|Win32
		{ECCE0CE5-0A6C-4A67-A66A-7E512CC07580}.Release|x64.ActiveCfg = Release|x64
		{ECCE0CE5-0A6C-4A67-A66A-7E512CC07580}.Release|x64.Build.0 = Release|x64
		{ECCE0CE5-0A6C-4A67-A66A-7E512CC07580}.Release|x86.ActiveCfg = Release|Win32
		{ECCE0CE5-0A6C-4A67-A66A-7E512CC07580}.Release|x86.Build.0 = Release|Win32
	EndGlobalSection
	GlobalSection(SolutionProperties) = preSolution
		HideSolutionNode = FALSE
	EndGlobalSection
	GlobalSection(ExtensibilityGlobals) = postSolution
		SolutionGuid = {5AC7482A-577D-431C-AC86-40E7B05D0F49}
	EndGlobalSection
EndGlobal
