
Microsoft Visual Studio Solution File, Format Version 12.00
# Visual Studio Version 16
VisualStudioVersion = 16.0.31313.79
MinimumVisualStudioVersion = 10.0.40219.1
Project("{8BC9CEB8-8B4A-11D0-8D11-00A0C91BC942}") = "14500.cpp", "14500.cpp\14500.cpp.vcxproj", "{9325D47D-1120-4262-A83F-8297060FF991}"
EndProject
Global
	GlobalSection(SolutionConfigurationPlatforms) = preSolution
		Debug|x64 = Debug|x64
		Debug|x86 = Debug|x86
		Release|x64 = Release|x64
		Release|x86 = Release|x86
	EndGlobalSection
	GlobalSection(ProjectConfigurationPlatforms) = postSolution
		{9325D47D-1120-4262-A83F-8297060FF991}.Debug|x64.ActiveCfg = Debug|x64
		{9325D47D-1120-4262-A83F-8297060FF991}.Debug|x64.Build.0 = Debug|x64
		{9325D47D-1120-4262-A83F-8297060FF991}.Debug|x86.ActiveCfg = Debug|Win32
		{9325D47D-1120-4262-A83F-8297060FF991}.Debug|x86.Build.0 = Debug|Win32
		{9325D47D-1120-4262-A83F-8297060FF991}.Release|x64.ActiveCfg = Release|x64
		{9325D47D-1120-4262-A83F-8297060FF991}.Release|x64.Build.0 = Release|x64
		{9325D47D-1120-4262-A83F-8297060FF991}.Release|x86.ActiveCfg = Release|Win32
		{9325D47D-1120-4262-A83F-8297060FF991}.Release|x86.Build.0 = Release|Win32
	EndGlobalSection
	GlobalSection(SolutionProperties) = preSolution
		HideSolutionNode = FALSE
	EndGlobalSection
	GlobalSection(ExtensibilityGlobals) = postSolution
		SolutionGuid = {E1899812-69E8-42DA-82EF-3F42717EAD33}
	EndGlobalSection
EndGlobal
